
Microsoft Visual Studio Solution File, Format Version 12.00
# Visual Studio Version 17
VisualStudioVersion = 17.8.34330.188
MinimumVisualStudioVersion = 10.0.40219.1
Project("{FAE04EC0-301F-11D3-BF4B-00C04F79EFBC}") = "ViciousGPT", "ViciousGPT\ViciousGPT.csproj", "{A3DF9E38-299D-4FAC-B05D-07EBBFA3FFBA}"
EndProject
Global
	GlobalSection(SolutionConfigurationPlatforms) = preSolution
		Debug|Any CPU = Debug|Any CPU
		Release|Any CPU = Release|Any CPU
	EndGlobalSection
	GlobalSection(ProjectConfigurationPlatforms) = postSolution
		{A3DF9E38-299D-4FAC-B05D-07EBBFA3FFBA}.Debug|Any CPU.ActiveCfg = Debug|Any CPU
		{A3DF9E38-299D-4FAC-B05D-07EBBFA3FFBA}.Debug|Any CPU.Build.0 = Debug|Any CPU
		{A3DF9E38-299D-4FAC-B05D-07EBBFA3FFBA}.Release|Any CPU.ActiveCfg = Release|Any CPU
		{A3DF9E38-299D-4FAC-B05D-07EBBFA3FFBA}.Release|Any CPU.Build.0 = Release|Any CPU
	EndGlobalSection
	GlobalSection(SolutionProperties) = preSolution
		HideSolutionNode = FALSE
	EndGlobalSection
	GlobalSection(ExtensibilityGlobals) = postSolution
		SolutionGuid = {F27F9905-D298-4608-8B3E-31D95FB70E2C}
	EndGlobalSection
EndGlobal
